
Microsoft Visual Studio Solution File, Format Version 12.00
# Visual Studio Version 16
VisualStudioVersion = 16.0.31205.134
MinimumVisualStudioVersion = 10.0.40219.1
Project("{FAE04EC0-301F-11D3-BF4B-00C04F79EFBC}") = "BaseLinkerApp", "BaseLinkerApp\BaseLinkerApp.csproj", "{EE4FD993-265E-4052-A600-5005002826A3}"
EndProject
Global
	GlobalSection(SolutionConfigurationPlatforms) = preSolution
		Debug|Any CPU = Debug|Any CPU
		Release|Any CPU = Release|Any CPU
	EndGlobalSection
	GlobalSection(ProjectConfigurationPlatforms) = postSolution
		{EE4FD993-265E-4052-A600-5005002826A3}.Debug|Any CPU.ActiveCfg = Debug|Any CPU
		{EE4FD993-265E-4052-A600-5005002826A3}.Debug|Any CPU.Build.0 = Debug|Any CPU
		{EE4FD993-265E-4052-A600-5005002826A3}.Release|Any CPU.ActiveCfg = Release|Any CPU
		{EE4FD993-265E-4052-A600-5005002826A3}.Release|Any CPU.Build.0 = Release|Any CPU
	EndGlobalSection
	GlobalSection(SolutionProperties) = preSolution
		HideSolutionNode = FALSE
	EndGlobalSection
	GlobalSection(ExtensibilityGlobals) = postSolution
		SolutionGuid = {0311D17C-32EF-4629-940F-3CAC4B0F635F}
	EndGlobalSection
EndGlobal
